
Microsoft Visual Studio Solution File, Format Version 12.00
# Visual Studio Version 16
VisualStudioVersion = 16.0.32002.261
MinimumVisualStudioVersion = 10.0.40219.1
Project("{F184B08F-C81C-45F6-A57F-5ABD9991F28F}") = "Class_Terminal_2", "Class_Terminal_2\Class_Terminal_2.vbproj", "{6FE800D0-2EC3-4698-8119-FFC180D1920A}"
EndProject
Global
	GlobalSection(SolutionConfigurationPlatforms) = preSolution
		Debug|Any CPU = Debug|Any CPU
		Release|Any CPU = Release|Any CPU
	EndGlobalSection
	GlobalSection(ProjectConfigurationPlatforms) = postSolution
		{6FE800D0-2EC3-4698-8119-FFC180D1920A}.Debug|Any CPU.ActiveCfg = Debug|Any CPU
		{6FE800D0-2EC3-4698-8119-FFC180D1920A}.Debug|Any CPU.Build.0 = Debug|Any CPU
		{6FE800D0-2EC3-4698-8119-FFC180D1920A}.Release|Any CPU.ActiveCfg = Release|Any CPU
		{6FE800D0-2EC3-4698-8119-FFC180D1920A}.Release|Any CPU.Build.0 = Release|Any CPU
	EndGlobalSection
	GlobalSection(SolutionProperties) = preSolution
		HideSolutionNode = FALSE
	EndGlobalSection
	GlobalSection(ExtensibilityGlobals) = postSolution
		SolutionGuid = {C2C2C5E9-DEF8-46AF-B43C-11C8AAB21025}
	EndGlobalSection
EndGlobal
